
Microsoft Visual Studio Solution File, Format Version 12.00
# Visual Studio Version 17
VisualStudioVersion = 17.0.31903.59
MinimumVisualStudioVersion = 10.0.40219.1
Project("{2150E333-8FDC-42A3-9474-1A3956D46DE8}") = "mods", "mods", "{7A49EAE8-4908-4EE9-808A-F8CFD2452F23}"
EndProject
Project("{FAE04EC0-301F-11D3-BF4B-00C04F79EFBC}") = "AutoLoot", "mods\AutoLoot\AutoLoot.csproj", "{C78A2CE3-E35C-4668-B438-091EE3019DFD}"
EndProject
Project("{FAE04EC0-301F-11D3-BF4B-00C04F79EFBC}") = "BetterSortingCrafting", "mods\BetterSortingCrafting\BetterSortingCrafting.csproj", "{9AEE9A2D-0938-46D9-BDB7-BF33493FABEA}"
EndProject
Project("{FAE04EC0-301F-11D3-BF4B-00C04F79EFBC}") = "SpoilsOfTheSlain", "mods\SpoilsOfTheSlain\SpoilsOfTheSlain.csproj", "{28858682-2FFB-4DBF-873F-571D18175EB6}"
EndProject
Project("{FAE04EC0-301F-11D3-BF4B-00C04F79EFBC}") = "StationIndicator", "mods\StationIndicator\StationIndicator.csproj", "{CEB67492-6D42-4180-841D-CFD4DBCC146C}"
EndProject
Project("{FAE04EC0-301F-11D3-BF4B-00C04F79EFBC}") = "GuardVariety", "mods\GuardVariety\GuardVariety.csproj", "{3EC6F9A8-0F5E-4043-85E2-6C329742F440}"
EndProject
Project("{2150E333-8FDC-42A3-9474-1A3956D46DE8}") = "dev", "dev", "{E89F35C3-D2E5-4AF0-93D4-CE66975FCDAF}"
EndProject
Project("{FAE04EC0-301F-11D3-BF4B-00C04F79EFBC}") = "DialogExporter", "dev\DialogExporter\DialogExporter.csproj", "{5091DEDE-4FB4-4C74-97BC-F3B931AFEEC9}"
EndProject
Project("{FAE04EC0-301F-11D3-BF4B-00C04F79EFBC}") = "HarmonyTracer", "dev\HarmonyTracer\HarmonyTracer.csproj", "{AB2941D5-4A22-4419-B695-9FDBD703B1D5}"
EndProject
Project("{FAE04EC0-301F-11D3-BF4B-00C04F79EFBC}") = "HttpProbe", "dev\HttpProbe\HttpProbe.csproj", "{44C55D5A-19FF-4C86-ADAF-1A130A1E6F1A}"
EndProject
Project("{FAE04EC0-301F-11D3-BF4B-00C04F79EFBC}") = "Lantern", "dev\Lantern\Lantern.csproj", "{804E40F6-23E9-4A5D-BEC8-BA624D70015E}"
EndProject
Project("{FAE04EC0-301F-11D3-BF4B-00C04F79EFBC}") = "LanternProbe", "dev\LanternProbe\LanternProbe.csproj", "{19035B63-253B-4DFF-BAE3-E983D703E717}"
EndProject
Project("{FAE04EC0-301F-11D3-BF4B-00C04F79EFBC}") = "QuestPath", "dev\QuestPath\QuestPath.csproj", "{052B42F4-5CFE-40D3-8ADF-1A2B208935B3}"
EndProject
Project("{FAE04EC0-301F-11D3-BF4B-00C04F79EFBC}") = "QuestProbe", "dev\QuestProbe\QuestProbe.csproj", "{A1D663CB-C273-4207-B312-E78A99D83C52}"
EndProject
Project("{FAE04EC0-301F-11D3-BF4B-00C04F79EFBC}") = "ViewDistanceTuner", "mods\ViewDistanceTuner\ViewDistanceTuner.csproj", "{EF31801E-C8CA-42B2-991A-22109DC462DD}"
EndProject
Project("{FAE04EC0-301F-11D3-BF4B-00C04F79EFBC}") = "GrapplingHook", "mods\GrapplingHook\GrapplingHook.csproj", "{3E2CEB19-BA66-4C0C-87B4-9B1E31BA229D}"
EndProject
Project("{FAE04EC0-301F-11D3-BF4B-00C04F79EFBC}") = "QuestRegionGrouping", "mods\QuestRegionGrouping\QuestRegionGrouping.csproj", "{D8E1F2A3-4B5C-6D7E-8F90-1A2B3C4D5E6F}"
EndProject
Global
	GlobalSection(SolutionConfigurationPlatforms) = preSolution
		Debug|Any CPU = Debug|Any CPU
		Release|Any CPU = Release|Any CPU
	EndGlobalSection
	GlobalSection(SolutionProperties) = preSolution
		HideSolutionNode = FALSE
	EndGlobalSection
	GlobalSection(ProjectConfigurationPlatforms) = postSolution
		{C78A2CE3-E35C-4668-B438-091EE3019DFD}.Debug|Any CPU.ActiveCfg = Debug|Any CPU
		{C78A2CE3-E35C-4668-B438-091EE3019DFD}.Debug|Any CPU.Build.0 = Debug|Any CPU
		{C78A2CE3-E35C-4668-B438-091EE3019DFD}.Release|Any CPU.ActiveCfg = Release|Any CPU
		{C78A2CE3-E35C-4668-B438-091EE3019DFD}.Release|Any CPU.Build.0 = Release|Any CPU
		{9AEE9A2D-0938-46D9-BDB7-BF33493FABEA}.Debug|Any CPU.ActiveCfg = Debug|Any CPU
		{9AEE9A2D-0938-46D9-BDB7-BF33493FABEA}.Debug|Any CPU.Build.0 = Debug|Any CPU
		{9AEE9A2D-0938-46D9-BDB7-BF33493FABEA}.Release|Any CPU.ActiveCfg = Release|Any CPU
		{9AEE9A2D-0938-46D9-BDB7-BF33493FABEA}.Release|Any CPU.Build.0 = Release|Any CPU
		{28858682-2FFB-4DBF-873F-571D18175EB6}.Debug|Any CPU.ActiveCfg = Debug|Any CPU
		{28858682-2FFB-4DBF-873F-571D18175EB6}.Debug|Any CPU.Build.0 = Debug|Any CPU
		{28858682-2FFB-4DBF-873F-571D18175EB6}.Release|Any CPU.ActiveCfg = Release|Any CPU
		{28858682-2FFB-4DBF-873F-571D18175EB6}.Release|Any CPU.Build.0 = Release|Any CPU
		{CEB67492-6D42-4180-841D-CFD4DBCC146C}.Debug|Any CPU.ActiveCfg = Debug|Any CPU
		{CEB67492-6D42-4180-841D-CFD4DBCC146C}.Debug|Any CPU.Build.0 = Debug|Any CPU
		{CEB67492-6D42-4180-841D-CFD4DBCC146C}.Release|Any CPU.ActiveCfg = Release|Any CPU
		{CEB67492-6D42-4180-841D-CFD4DBCC146C}.Release|Any CPU.Build.0 = Release|Any CPU
		{5091DEDE-4FB4-4C74-97BC-F3B931AFEEC9}.Debug|Any CPU.ActiveCfg = Debug|Any CPU
		{5091DEDE-4FB4-4C74-97BC-F3B931AFEEC9}.Debug|Any CPU.Build.0 = Debug|Any CPU
		{5091DEDE-4FB4-4C74-97BC-F3B931AFEEC9}.Release|Any CPU.ActiveCfg = Release|Any CPU
		{5091DEDE-4FB4-4C74-97BC-F3B931AFEEC9}.Release|Any CPU.Build.0 = Release|Any CPU
		{AB2941D5-4A22-4419-B695-9FDBD703B1D5}.Debug|Any CPU.ActiveCfg = Debug|Any CPU
		{AB2941D5-4A22-4419-B695-9FDBD703B1D5}.Debug|Any CPU.Build.0 = Debug|Any CPU
		{AB2941D5-4A22-4419-B695-9FDBD703B1D5}.Release|Any CPU.ActiveCfg = Release|Any CPU
		{AB2941D5-4A22-4419-B695-9FDBD703B1D5}.Release|Any CPU.Build.0 = Release|Any CPU
		{44C55D5A-19FF-4C86-ADAF-1A130A1E6F1A}.Debug|Any CPU.ActiveCfg = Debug|Any CPU
		{44C55D5A-19FF-4C86-ADAF-1A130A1E6F1A}.Debug|Any CPU.Build.0 = Debug|Any CPU
		{44C55D5A-19FF-4C86-ADAF-1A130A1E6F1A}.Release|Any CPU.ActiveCfg = Release|Any CPU
		{44C55D5A-19FF-4C86-ADAF-1A130A1E6F1A}.Release|Any CPU.Build.0 = Release|Any CPU
		{804E40F6-23E9-4A5D-BEC8-BA624D70015E}.Debug|Any CPU.ActiveCfg = Debug|Any CPU
		{804E40F6-23E9-4A5D-BEC8-BA624D70015E}.Debug|Any CPU.Build.0 = Debug|Any CPU
		{804E40F6-23E9-4A5D-BEC8-BA624D70015E}.Release|Any CPU.ActiveCfg = Release|Any CPU
		{804E40F6-23E9-4A5D-BEC8-BA624D70015E}.Release|Any CPU.Build.0 = Release|Any CPU
		{19035B63-253B-4DFF-BAE3-E983D703E717}.Debug|Any CPU.ActiveCfg = Debug|Any CPU
		{19035B63-253B-4DFF-BAE3-E983D703E717}.Debug|Any CPU.Build.0 = Debug|Any CPU
		{19035B63-253B-4DFF-BAE3-E983D703E717}.Release|Any CPU.ActiveCfg = Release|Any CPU
		{19035B63-253B-4DFF-BAE3-E983D703E717}.Release|Any CPU.Build.0 = Release|Any CPU
		{052B42F4-5CFE-40D3-8ADF-1A2B208935B3}.Debug|Any CPU.ActiveCfg = Debug|Any CPU
		{052B42F4-5CFE-40D3-8ADF-1A2B208935B3}.Debug|Any CPU.Build.0 = Debug|Any CPU
		{052B42F4-5CFE-40D3-8ADF-1A2B208935B3}.Release|Any CPU.ActiveCfg = Release|Any CPU
		{052B42F4-5CFE-40D3-8ADF-1A2B208935B3}.Release|Any CPU.Build.0 = Release|Any CPU
		{A1D663CB-C273-4207-B312-E78A99D83C52}.Debug|Any CPU.ActiveCfg = Debug|Any CPU
		{A1D663CB-C273-4207-B312-E78A99D83C52}.Debug|Any CPU.Build.0 = Debug|Any CPU
		{A1D663CB-C273-4207-B312-E78A99D83C52}.Release|Any CPU.ActiveCfg = Release|Any CPU
		{A1D663CB-C273-4207-B312-E78A99D83C52}.Release|Any CPU.Build.0 = Release|Any CPU
		{EF31801E-C8CA-42B2-991A-22109DC462DD}.Debug|Any CPU.ActiveCfg = Debug|Any CPU
		{EF31801E-C8CA-42B2-991A-22109DC462DD}.Debug|Any CPU.Build.0 = Debug|Any CPU
		{EF31801E-C8CA-42B2-991A-22109DC462DD}.Release|Any CPU.ActiveCfg = Release|Any CPU
		{EF31801E-C8CA-42B2-991A-22109DC462DD}.Release|Any CPU.Build.0 = Release|Any CPU
		{3EC6F9A8-0F5E-4043-85E2-6C329742F440}.Debug|Any CPU.ActiveCfg = Debug|Any CPU
		{3EC6F9A8-0F5E-4043-85E2-6C329742F440}.Debug|Any CPU.Build.0 = Debug|Any CPU
		{3EC6F9A8-0F5E-4043-85E2-6C329742F440}.Release|Any CPU.ActiveCfg = Release|Any CPU
		{3EC6F9A8-0F5E-4043-85E2-6C329742F440}.Release|Any CPU.Build.0 = Release|Any CPU
		{3E2CEB19-BA66-4C0C-87B4-9B1E31BA229D}.Debug|Any CPU.ActiveCfg = Debug|Any CPU
		{3E2CEB19-BA66-4C0C-87B4-9B1E31BA229D}.Debug|Any CPU.Build.0 = Debug|Any CPU
		{3E2CEB19-BA66-4C0C-87B4-9B1E31BA229D}.Release|Any CPU.ActiveCfg = Release|Any CPU
		{3E2CEB19-BA66-4C0C-87B4-9B1E31BA229D}.Release|Any CPU.Build.0 = Release|Any CPU
		{D8E1F2A3-4B5C-6D7E-8F90-1A2B3C4D5E6F}.Debug|Any CPU.ActiveCfg = Debug|Any CPU
		{D8E1F2A3-4B5C-6D7E-8F90-1A2B3C4D5E6F}.Debug|Any CPU.Build.0 = Debug|Any CPU
		{D8E1F2A3-4B5C-6D7E-8F90-1A2B3C4D5E6F}.Release|Any CPU.ActiveCfg = Release|Any CPU
		{D8E1F2A3-4B5C-6D7E-8F90-1A2B3C4D5E6F}.Release|Any CPU.Build.0 = Release|Any CPU
	EndGlobalSection
	GlobalSection(NestedProjects) = preSolution
		{C78A2CE3-E35C-4668-B438-091EE3019DFD} = {7A49EAE8-4908-4EE9-808A-F8CFD2452F23}
		{9AEE9A2D-0938-46D9-BDB7-BF33493FABEA} = {7A49EAE8-4908-4EE9-808A-F8CFD2452F23}
		{28858682-2FFB-4DBF-873F-571D18175EB6} = {7A49EAE8-4908-4EE9-808A-F8CFD2452F23}
		{CEB67492-6D42-4180-841D-CFD4DBCC146C} = {7A49EAE8-4908-4EE9-808A-F8CFD2452F23}
		{5091DEDE-4FB4-4C74-97BC-F3B931AFEEC9} = {E89F35C3-D2E5-4AF0-93D4-CE66975FCDAF}
		{AB2941D5-4A22-4419-B695-9FDBD703B1D5} = {E89F35C3-D2E5-4AF0-93D4-CE66975FCDAF}
		{44C55D5A-19FF-4C86-ADAF-1A130A1E6F1A} = {E89F35C3-D2E5-4AF0-93D4-CE66975FCDAF}
		{804E40F6-23E9-4A5D-BEC8-BA624D70015E} = {E89F35C3-D2E5-4AF0-93D4-CE66975FCDAF}
		{19035B63-253B-4DFF-BAE3-E983D703E717} = {E89F35C3-D2E5-4AF0-93D4-CE66975FCDAF}
		{052B42F4-5CFE-40D3-8ADF-1A2B208935B3} = {E89F35C3-D2E5-4AF0-93D4-CE66975FCDAF}
		{A1D663CB-C273-4207-B312-E78A99D83C52} = {E89F35C3-D2E5-4AF0-93D4-CE66975FCDAF}
		{EF31801E-C8CA-42B2-991A-22109DC462DD} = {7A49EAE8-4908-4EE9-808A-F8CFD2452F23}
		{3EC6F9A8-0F5E-4043-85E2-6C329742F440} = {7A49EAE8-4908-4EE9-808A-F8CFD2452F23}
		{3E2CEB19-BA66-4C0C-87B4-9B1E31BA229D} = {7A49EAE8-4908-4EE9-808A-F8CFD2452F23}
		{D8E1F2A3-4B5C-6D7E-8F90-1A2B3C4D5E6F} = {7A49EAE8-4908-4EE9-808A-F8CFD2452F23}
	EndGlobalSection
EndGlobal
